
Microsoft Visual Studio Solution File, Format Version 12.00
# Visual Studio Version 17
VisualStudioVersion = 17.8.34902.127
MinimumVisualStudioVersion = 10.0.40219.1
Project("{FAE04EC0-301F-11D3-BF4B-00C04F79EFBC}") = "QuizApp", "QuizApp.csproj", "{30A311BD-D659-4641-9037-555E988334A5}"
EndProject
Global
	GlobalSection(SolutionConfigurationPlatforms) = preSolution
		Debug|Any CPU = Debug|Any CPU
		Release|Any CPU = Release|Any CPU
	EndGlobalSection
	GlobalSection(ProjectConfigurationPlatforms) = postSolution
		{30A311BD-D659-4641-9037-555E988334A5}.Debug|Any CPU.ActiveCfg = Debug|Any CPU
		{30A311BD-D659-4641-9037-555E988334A5}.Debug|Any CPU.Build.0 = Debug|Any CPU
		{30A311BD-D659-4641-9037-555E988334A5}.Release|Any CPU.ActiveCfg = Release|Any CPU
		{30A311BD-D659-4641-9037-555E988334A5}.Release|Any CPU.Build.0 = Release|Any CPU
	EndGlobalSection
	GlobalSection(SolutionProperties) = preSolution
		HideSolutionNode = FALSE
	EndGlobalSection
	GlobalSection(ExtensibilityGlobals) = postSolution
		SolutionGuid = {DC1FC2E9-B9D0-4C11-AF8C-FF7B1FFD7E2C}
	EndGlobalSection
EndGlobal
